
Microsoft Visual Studio Solution File, Format Version 12.00
# Visual Studio 15
VisualStudioVersion = 15.0.26430.13
MinimumVisualStudioVersion = 10.0.40219.1
Project("{FAE04EC0-301F-11D3-BF4B-00C04F79EFBC}") = "PlayNGoExercise.Web", "PlayNGoExercice\PlayNGoExercise.Web.csproj", "{6F96F923-9A6A-4920-8554-B6C7FFCEE799}"
EndProject
Project("{FAE04EC0-301F-11D3-BF4B-00C04F79EFBC}") = "PlayNGoExercise.Data", "PlayNGoExercice.Data\PlayNGoExercise.Data.csproj", "{C15E7861-F63B-49E1-A2D2-6AFF0270960F}"
EndProject
Project("{FAE04EC0-301F-11D3-BF4B-00C04F79EFBC}") = "PlayNGoExercise.Model", "PlayNGoExercise.Model\PlayNGoExercise.Model.csproj", "{EF340718-641E-45BC-8B34-1BA0FB2893FF}"
EndProject
Project("{FAE04EC0-301F-11D3-BF4B-00C04F79EFBC}") = "PlayNGoExercise.ApiServices", "PlayNGoExercise.ApiServices\PlayNGoExercise.ApiServices.csproj", "{76D99592-5359-40A7-B57C-9ADD758FEF49}"
EndProject
Project("{FAE04EC0-301F-11D3-BF4B-00C04F79EFBC}") = "PlayNGoExercise.WebApi", "PlayNGoExercise.WebApi\PlayNGoExercise.WebApi.csproj", "{F586015D-3EDB-4FD5-980F-28ABE96E93D1}"
EndProject
Global
	GlobalSection(SolutionConfigurationPlatforms) = preSolution
		Debug|Any CPU = Debug|Any CPU
		Release|Any CPU = Release|Any CPU
	EndGlobalSection
	GlobalSection(ProjectConfigurationPlatforms) = postSolution
		{6F96F923-9A6A-4920-8554-B6C7FFCEE799}.Debug|Any CPU.ActiveCfg = Debug|Any CPU
		{6F96F923-9A6A-4920-8554-B6C7FFCEE799}.Debug|Any CPU.Build.0 = Debug|Any CPU
		{6F96F923-9A6A-4920-8554-B6C7FFCEE799}.Release|Any CPU.ActiveCfg = Release|Any CPU
		{6F96F923-9A6A-4920-8554-B6C7FFCEE799}.Release|Any CPU.Build.0 = Release|Any CPU
		{C15E7861-F63B-49E1-A2D2-6AFF0270960F}.Debug|Any CPU.ActiveCfg = Debug|Any CPU
		{C15E7861-F63B-49E1-A2D2-6AFF0270960F}.Debug|Any CPU.Build.0 = Debug|Any CPU
		{C15E7861-F63B-49E1-A2D2-6AFF0270960F}.Release|Any CPU.ActiveCfg = Release|Any CPU
		{C15E7861-F63B-49E1-A2D2-6AFF0270960F}.Release|Any CPU.Build.0 = Release|Any CPU
		{EF340718-641E-45BC-8B34-1BA0FB2893FF}.Debug|Any CPU.ActiveCfg = Debug|Any CPU
		{EF340718-641E-45BC-8B34-1BA0FB2893FF}.Debug|Any CPU.Build.0 = Debug|Any CPU
		{EF340718-641E-45BC-8B34-1BA0FB2893FF}.Release|Any CPU.ActiveCfg = Release|Any CPU
		{EF340718-641E-45BC-8B34-1BA0FB2893FF}.Release|Any CPU.Build.0 = Release|Any CPU
		{76D99592-5359-40A7-B57C-9ADD758FEF49}.Debug|Any CPU.ActiveCfg = Debug|Any CPU
		{76D99592-5359-40A7-B57C-9ADD758FEF49}.Debug|Any CPU.Build.0 = Debug|Any CPU
		{76D99592-5359-40A7-B57C-9ADD758FEF49}.Release|Any CPU.ActiveCfg = Release|Any CPU
		{76D99592-5359-40A7-B57C-9ADD758FEF49}.Release|Any CPU.Build.0 = Release|Any CPU
		{F586015D-3EDB-4FD5-980F-28ABE96E93D1}.Debug|Any CPU.ActiveCfg = Debug|Any CPU
		{F586015D-3EDB-4FD5-980F-28ABE96E93D1}.Debug|Any CPU.Build.0 = Debug|Any CPU
		{F586015D-3EDB-4FD5-980F-28ABE96E93D1}.Release|Any CPU.ActiveCfg = Release|Any CPU
		{F586015D-3EDB-4FD5-980F-28ABE96E93D1}.Release|Any CPU.Build.0 = Release|Any CPU
	EndGlobalSection
	GlobalSection(SolutionProperties) = preSolution
		HideSolutionNode = FALSE
	EndGlobalSection
EndGlobal
